
Microsoft Visual Studio Solution File, Format Version 12.00
# Visual Studio Version 17
VisualStudioVersion = 17.11.35327.3
MinimumVisualStudioVersion = 10.0.40219.1
Project("{FAE04EC0-301F-11D3-BF4B-00C04F79EFBC}") = "VulnerableToDoApp.API", "VulnerableToDoApp.API\VulnerableToDoApp.API.csproj", "{47CDD6E1-4DF7-4788-8FEF-AACC67582C73}"
EndProject
Global
	GlobalSection(SolutionConfigurationPlatforms) = preSolution
		Debug|Any CPU = Debug|Any CPU
		Release|Any CPU = Release|Any CPU
	EndGlobalSection
	GlobalSection(ProjectConfigurationPlatforms) = postSolution
		{47CDD6E1-4DF7-4788-8FEF-AACC67582C73}.Debug|Any CPU.ActiveCfg = Debug|Any CPU
		{47CDD6E1-4DF7-4788-8FEF-AACC67582C73}.Debug|Any CPU.Build.0 = Debug|Any CPU
		{47CDD6E1-4DF7-4788-8FEF-AACC67582C73}.Release|Any CPU.ActiveCfg = Release|Any CPU
		{47CDD6E1-4DF7-4788-8FEF-AACC67582C73}.Release|Any CPU.Build.0 = Release|Any CPU
	EndGlobalSection
	GlobalSection(SolutionProperties) = preSolution
		HideSolutionNode = FALSE
	EndGlobalSection
	GlobalSection(ExtensibilityGlobals) = postSolution
		SolutionGuid = {3F2FD8F9-B664-45F3-AF93-812EB3C176E9}
	EndGlobalSection
EndGlobal
